PODS:
  - Alamofire (4.5.0)
  - Crashlytics (3.8.5):
    - Fabric (~> 1.6.3)
  - Fabric (1.6.12)
  - Firebase/Core (4.0.4):
    - FirebaseAnalytics (= 4.0.2)
    - FirebaseCore (= 4.0.4)
  - Firebase/RemoteConfig (4.0.4):
    - Firebase/Core
    - FirebaseRemoteConfig (= 2.0.1)
  - FirebaseAnalytics (4.0.2):
    - FirebaseCore (~> 4.0)
    - FirebaseInstanceID (~> 2.0)
    - GoogleToolboxForMac/NSData+zlib (~> 2.1)
  - FirebaseCore (4.0.4):
    - GoogleToolboxForMac/NSData+zlib (~> 2.1)
    - nanopb (~> 0.3)
  - FirebaseInstanceID (2.0.0):
    - FirebaseCore (~> 4.0)
  - FirebaseRemoteConfig (2.0.1):
    - FirebaseAnalytics (~> 4.0)
    - FirebaseInstanceID (~> 2.0)
    - GoogleToolboxForMac/NSData+zlib (~> 2.1)
    - Protobuf (~> 3.1)
  - GoogleToolboxForMac/Defines (2.1.1)
  - GoogleToolboxForMac/NSData+zlib (2.1.1):
    - GoogleToolboxForMac/Defines (= 2.1.1)
  - mopub-ios-sdk (4.15.0):
    - mopub-ios-sdk/MoPubSDK (= 4.15.0)
  - mopub-ios-sdk/MoPubSDK (4.15.0)
  - nanopb (0.3.8):
    - nanopb/decode (= 0.3.8)
    - nanopb/encode (= 0.3.8)
  - nanopb/decode (0.3.8)
  - nanopb/encode (0.3.8)
  - Protobuf (3.3.0)
  - Realm (2.9.1):
    - Realm/Headers (= 2.9.1)
  - Realm/Headers (2.9.1)
  - RealmSwift (2.9.1):
    - Realm (= 2.9.1)
  - YYCache (1.0.4)
  - YYImage (1.0.4):
    - YYImage/Core (= 1.0.4)
  - YYImage/Core (1.0.4)
  - YYWebImage (1.0.5):
    - YYCache
    - YYImage

DEPENDENCIES:
  - Alamofire
  - Crashlytics
  - Fabric
  - Firebase/RemoteConfig
  - mopub-ios-sdk
  - RealmSwift
  - YYWebImage

SPEC CHECKSUMS:
  Alamofire: f28cdffd29de33a7bfa022cbd63ae95a27fae140
  Crashlytics: dfbae35ef22ca189240d230ad501feea4ee85d2d
  Fabric: f050464eac45a2ce5a8e6e6a07e977c0df32fe28
  Firebase: 1492bf04e1b73a7353b4fb2cf5a20bac9692f341
  FirebaseAnalytics: ad41720e3e67fc63fbe3d2948d3e26932a8de311
  FirebaseCore: cfc042628ef9f20debe09c0eb683135fcd404cb4
  FirebaseInstanceID: 9fbf536668f4d3f0880e7438456dabd1376e294b
  FirebaseRemoteConfig: 328244399f64226cfdfa32efee596bb010ef5665
  GoogleToolboxForMac: 8e329f1b599f2512c6b10676d45736bcc2cbbeb0
  mopub-ios-sdk: 9eaa695db56e85e6c54e06981aff2c18f034527c
  nanopb: 5601e6bca2dbf1ed831b519092ec110f66982ca3
  Protobuf: d582fecf68201eac3d79ed61369ef45734394b9c
  Realm: f91fb43bd474c4f731a116ebf7392c75dd015920
  RealmSwift: 207f12a4a36b696c5183c60a1c06d70234a23e56
  YYCache: 8105b6638f5e849296c71f331ff83891a4942952
  YYImage: 1e1b62a9997399593e4b9c4ecfbbabbf1d3f3b54
  YYWebImage: 5f7f36aee2ae293f016d418c7d6ba05c4863e928

PODFILE CHECKSUM: 9a0216c49d2949da38bed762ff9ca696625e2e4e

COCOAPODS: 1.3.1
